<?xml version="1.0" encoding="utf-8"?>
<Project ToolsVersion="4.0" xmlns="http://schemas.microsoft.com/developer/msbuild/2003">
  <ItemGroup>
    <Filter Include="Source Files">
      <UniqueIdentifier>{4FC737F1-C7A5-4376-A066-2A32D752A2FF}</UniqueIdentifier>
      <Extensions>cpp;c;cc;cxx;def;odl;idl;hpj;bat;asm;asmx</Extensions>
    </Filter>
    <Filter Include="Header Files">
      <UniqueIdentifier>{93995380-89BD-4b04-88EB-625FBE52EBFB}</UniqueIdentifier>
      <Extensions>h;hh;hpp;hxx;hm;inl;inc;xsd</Extensions>
    </Filter>
    <Filter Include="Resource Files">
      <UniqueIdentifier>{67DA6AB6-F800-4c08-8B7A-83BB121AAD01}</UniqueIdentifier>
      <Extensions>rc;ico;cur;bmp;dlg;rc2;rct;bin;rgs;gif;jpg;jpeg;jpe;resx;tiff;tif;png;wav;mfcribbon-ms</Extensions>
    </Filter>
    <Filter Include="Header Files\Classifier">
      <UniqueIdentifier>{ded1618d-b8e4-42e7-8bca-a349f221cbea}</UniqueIdentifier>
    </Filter>
    <Filter Include="Header Files\Detector">
      <UniqueIdentifier>{9b069a0e-1294-45f3-a6d6-145477865643}</UniqueIdentifier>
    </Filter>
    <Filter Include="Header Files\Feature">
      <UniqueIdentifier>{dc33a0ca-a1e6-4dbc-80ab-fc2b548b2aef}</UniqueIdentifier>
    </Filter>
    <Filter Include="Header Files\IntegralImage">
      <UniqueIdentifier>{9d1b552d-820b-4f25-a2a1-2e91bd4553cb}</UniqueIdentifier>
    </Filter>
    <Filter Include="Header Files\Utility">
      <UniqueIdentifier>{577d70fd-6039-49b2-b665-e1a0b15fe23b}</UniqueIdentifier>
    </Filter>
    <Filter Include="Header Files\Tracker">
      <UniqueIdentifier>{fe1497c6-0cf3-497d-a5fa-18e9acacd2a2}</UniqueIdentifier>
    </Filter>
    <Filter Include="Source Files\Classifier">
      <UniqueIdentifier>{ee2af525-364b-4d4d-9346-fd22efd50827}</UniqueIdentifier>
    </Filter>
    <Filter Include="Source Files\Detector">
      <UniqueIdentifier>{bed6489b-9d79-437a-bb2a-32f3cecfd950}</UniqueIdentifier>
    </Filter>
    <Filter Include="Source Files\Feature">
      <UniqueIdentifier>{20dda029-37c8-4794-a1a9-ff648d10b862}</UniqueIdentifier>
    </Filter>
    <Filter Include="Source Files\IntegralImage">
      <UniqueIdentifier>{7b6da935-52f5-4c25-98c3-5d64c793ee9d}</UniqueIdentifier>
    </Filter>
    <Filter Include="Source Files\Tracker">
      <UniqueIdentifier>{76244d56-b417-4d0b-a435-aa47fe65d665}</UniqueIdentifier>
    </Filter>
    <Filter Include="Source Files\Utility">
      <UniqueIdentifier>{9a7b71eb-7da6-4337-9235-b05c5f6a6194}</UniqueIdentifier>
    </Filter>
  </ItemGroup>
  <ItemGroup>
    <ClInclude Include="..\include\GlobalHeader.h">
      <Filter>Header Files</Filter>
    </ClInclude>
    <ClInclude Include="..\include\PedestrainCounting.h">
      <Filter>Header Files</Filter>
    </ClInclude>
    <ClInclude Include="..\include\AdaBoostClassifier.h">
      <Filter>Header Files\Classifier</Filter>
    </ClInclude>
    <ClInclude Include="..\include\Classifier.h">
      <Filter>Header Files\Classifier</Filter>
    </ClInclude>
    <ClInclude Include="..\include\ClassifierSelector.h">
      <Filter>Header Files\Classifier</Filter>
    </ClInclude>
    <ClInclude Include="..\include\ClassifierThreshold.h">
      <Filter>Header Files\Classifier</Filter>
    </ClInclude>
    <ClInclude Include="..\include\EstimatedGaussianDistribution.h">
      <Filter>Header Files\Classifier</Filter>
    </ClInclude>
    <ClInclude Include="..\include\BKGCutDetector.h">
      <Filter>Header Files\Detector</Filter>
    </ClInclude>
    <ClInclude Include="..\include\Feature.h">
      <Filter>Header Files\Feature</Filter>
    </ClInclude>
    <ClInclude Include="..\include\FeatureExtractor.h">
      <Filter>Header Files\Feature</Filter>
    </ClInclude>
    <ClInclude Include="..\include\GrayScaleIntegralImage.h">
      <Filter>Header Files\IntegralImage</Filter>
    </ClInclude>
    <ClInclude Include="..\include\ImageDetector.h">
      <Filter>Header Files\Detector</Filter>
    </ClInclude>
    <ClInclude Include="..\include\ConnectedComponents.h">
      <Filter>Header Files\Utility</Filter>
    </ClInclude>
    <ClInclude Include="..\include\Geometry.h">
      <Filter>Header Files\Utility</Filter>
    </ClInclude>
    <ClInclude Include="..\include\kmeans.h">
      <Filter>Header Files\Utility</Filter>
    </ClInclude>
    <ClInclude Include="..\include\meanshift.h">
      <Filter>Header Files\Utility</Filter>
    </ClInclude>
    <ClInclude Include="..\include\Options.h">
      <Filter>Header Files\Utility</Filter>
    </ClInclude>
    <ClInclude Include="..\include\HaarFeature.h">
      <Filter>Header Files\Feature</Filter>
    </ClInclude>
    <ClInclude Include="..\include\HoGFeature.h">
      <Filter>Header Files\Feature</Filter>
    </ClInclude>
    <ClInclude Include="..\include\HoGIntegralImage.h">
      <Filter>Header Files\IntegralImage</Filter>
    </ClInclude>
    <ClInclude Include="..\include\IntegralImage.h">
      <Filter>Header Files\IntegralImage</Filter>
    </ClInclude>
    <ClInclude Include="..\include\MatchMatrix.h">
      <Filter>Header Files\Tracker</Filter>
    </ClInclude>
    <ClInclude Include="..\include\MultiSampler.h">
      <Filter>Header Files\Tracker</Filter>
    </ClInclude>
    <ClInclude Include="..\include\MultiTracker.h">
      <Filter>Header Files\Tracker</Filter>
    </ClInclude>
    <ClInclude Include="..\include\ParticleFilter.h">
      <Filter>Header Files\Tracker</Filter>
    </ClInclude>
    <ClInclude Include="..\include\ParticleFilterConstVelocity.h">
      <Filter>Header Files\Tracker</Filter>
    </ClInclude>
    <ClInclude Include="..\include\ParticleFilterTracker.h">
      <Filter>Header Files\Tracker</Filter>
    </ClInclude>
    <ClInclude Include="..\include\RGIFeature.h">
      <Filter>Header Files\Feature</Filter>
    </ClInclude>
    <ClInclude Include="..\include\RGIIntegralImage.h">
      <Filter>Header Files\IntegralImage</Filter>
    </ClInclude>
    <ClInclude Include="..\include\StrongClassifier.h">
      <Filter>Header Files\Classifier</Filter>
    </ClInclude>
    <ClInclude Include="..\include\StrongClassifierDirectSelect.h">
      <Filter>Header Files\Classifier</Filter>
    </ClInclude>
    <ClInclude Include="..\include\SingleSampler.h">
      <Filter>Header Files\Classifier</Filter>
    </ClInclude>
    <ClInclude Include="..\include\WeakClassifier.h">
      <Filter>Header Files\Classifier</Filter>
    </ClInclude>
    <ClInclude Include="..\include\WeakClassifierHaar.h">
      <Filter>Header Files\Classifier</Filter>
    </ClInclude>
    <ClInclude Include="..\include\WeakClassifierHoG.h">
      <Filter>Header Files\Classifier</Filter>
    </ClInclude>
    <ClInclude Include="..\include\WeakClassifierRGI.h">
      <Filter>Header Files\Classifier</Filter>
    </ClInclude>
    <ClInclude Include="..\include\Pool.h">
      <Filter>Header Files\Utility</Filter>
    </ClInclude>
    <ClInclude Include="..\include\SingleTarget.h">
      <Filter>Header Files\Tracker</Filter>
    </ClInclude>
    <ClInclude Include="..\include\TargetsFreeList.h">
      <Filter>Header Files\Tracker</Filter>
    </ClInclude>
    <ClInclude Include="..\include\Tracker.h">
      <Filter>Header Files\Tracker</Filter>
    </ClInclude>
    <ClInclude Include="..\include\VideoDetector.h">
      <Filter>Header Files\Detector</Filter>
    </ClInclude>
    <ClInclude Include="..\include\UnionFind.h">
      <Filter>Header Files\Utility</Filter>
    </ClInclude>
  </ItemGroup>
  <ItemGroup>
    <ClCompile Include="..\src\AdaBoostClassifier.cpp">
      <Filter>Source Files\Classifier</Filter>
    </ClCompile>
    <ClCompile Include="..\src\Classifier.cpp">
      <Filter>Source Files\Classifier</Filter>
    </ClCompile>
    <ClCompile Include="..\src\ClassifierSelector.cpp">
      <Filter>Source Files\Classifier</Filter>
    </ClCompile>
    <ClCompile Include="..\src\SingleSampler.cpp">
      <Filter>Source Files\Classifier</Filter>
    </ClCompile>
    <ClCompile Include="..\src\StrongClassifier.cpp">
      <Filter>Source Files\Classifier</Filter>
    </ClCompile>
    <ClCompile Include="..\src\StrongClassifierDirectSelect.cpp">
      <Filter>Source Files\Classifier</Filter>
    </ClCompile>
    <ClCompile Include="..\src\WeakClassifier.cpp">
      <Filter>Source Files\Classifier</Filter>
    </ClCompile>
    <ClCompile Include="..\src\WeakClassifierHaar.cpp">
      <Filter>Source Files\Classifier</Filter>
    </ClCompile>
    <ClCompile Include="..\src\WeakClassifierHoG.cpp">
      <Filter>Source Files\Classifier</Filter>
    </ClCompile>
    <ClCompile Include="..\src\WeakClassifierRGI.cpp">
      <Filter>Source Files\Classifier</Filter>
    </ClCompile>
    <ClCompile Include="..\src\BKGCutDetector.cpp">
      <Filter>Source Files\Detector</Filter>
    </ClCompile>
    <ClCompile Include="..\src\ImageDetector.cpp">
      <Filter>Source Files\Detector</Filter>
    </ClCompile>
    <ClCompile Include="..\src\VideoDetector.cpp">
      <Filter>Source Files\Detector</Filter>
    </ClCompile>
    <ClCompile Include="..\src\Feature.cpp">
      <Filter>Source Files\Feature</Filter>
    </ClCompile>
    <ClCompile Include="..\src\FeatureExtractor.cpp">
      <Filter>Source Files\Feature</Filter>
    </ClCompile>
    <ClCompile Include="..\src\HaarFeature.cpp">
      <Filter>Source Files\Feature</Filter>
    </ClCompile>
    <ClCompile Include="..\src\HoGFeature.cpp">
      <Filter>Source Files\Feature</Filter>
    </ClCompile>
    <ClCompile Include="..\src\RGIFeature.cpp">
      <Filter>Source Files\Feature</Filter>
    </ClCompile>
    <ClCompile Include="..\src\HoGIntegralImage.cpp">
      <Filter>Source Files\IntegralImage</Filter>
    </ClCompile>
    <ClCompile Include="..\src\IntegralImage.cpp">
      <Filter>Source Files\IntegralImage</Filter>
    </ClCompile>
    <ClCompile Include="..\src\GrayScaleIntegralImage.cpp">
      <Filter>Source Files\IntegralImage</Filter>
    </ClCompile>
    <ClCompile Include="..\src\RGIIntegralImage.cpp">
      <Filter>Source Files\IntegralImage</Filter>
    </ClCompile>
    <ClCompile Include="..\src\MatchMatrix.cpp">
      <Filter>Source Files\Tracker</Filter>
    </ClCompile>
    <ClCompile Include="..\src\MultiSampler.cpp">
      <Filter>Source Files\Tracker</Filter>
    </ClCompile>
    <ClCompile Include="..\src\MultiTracker.cpp">
      <Filter>Source Files\Tracker</Filter>
    </ClCompile>
    <ClCompile Include="..\src\ParticleFilter.cpp">
      <Filter>Source Files\Tracker</Filter>
    </ClCompile>
    <ClCompile Include="..\src\ParticleFilterConstVelocity.cpp">
      <Filter>Source Files\Tracker</Filter>
    </ClCompile>
    <ClCompile Include="..\src\ParticleFilterTracker.cpp">
      <Filter>Source Files\Tracker</Filter>
    </ClCompile>
    <ClCompile Include="..\src\SingleTarget.cpp">
      <Filter>Source Files\Tracker</Filter>
    </ClCompile>
    <ClCompile Include="..\src\TaregetsFreeList.cpp">
      <Filter>Source Files\Tracker</Filter>
    </ClCompile>
    <ClCompile Include="..\src\Tracker.cpp">
      <Filter>Source Files\Tracker</Filter>
    </ClCompile>
    <ClCompile Include="..\src\Geometry.cpp">
      <Filter>Source Files\Utility</Filter>
    </ClCompile>
    <ClCompile Include="..\src\kmeans.cpp">
      <Filter>Source Files\Utility</Filter>
    </ClCompile>
    <ClCompile Include="..\src\meanshift.cpp">
      <Filter>Source Files\Utility</Filter>
    </ClCompile>
    <ClCompile Include="..\src\UnionFind.cpp">
      <Filter>Source Files\Utility</Filter>
    </ClCompile>
    <ClCompile Include="..\src\ConnectedComponents.cpp">
      <Filter>Source Files\Utility</Filter>
    </ClCompile>
    <ClCompile Include="..\src\main.cpp">
      <Filter>Source Files</Filter>
    </ClCompile>
    <ClCompile Include="..\src\PedestrainCounting.cpp">
      <Filter>Source Files</Filter>
    </ClCompile>
  </ItemGroup>
</Project>